# This file was autogenerated by Stack.
# You should not edit this file by hand.
# For more information, please see the documentation at:
#   https://docs.haskellstack.org/en/stable/lock_files

packages:
- completed:
    subdir: data-vcr
    name: data-vcr
    version: 0.1.0.0
    git: https://github.com/KSF-Media/haskell-vcr
    pantry-tree:
      size: 257
      sha256: 5cff90061e6efff660b3a9732573f52d1f06945c6cefd65ae1acdd6b168a6e41
    commit: d39abc470d5f181f4ca7cb88193d51b7587f42c1
  original:
    subdir: data-vcr
    git: https://github.com/KSF-Media/haskell-vcr
    commit: d39abc470d5f181f4ca7cb88193d51b7587f42c1
- completed:
    subdir: tasty-vcr
    name: tasty-vcr
    version: 0.1.0.0
    git: https://github.com/KSF-Media/haskell-vcr
    pantry-tree:
      size: 331
      sha256: 1f0bbb6763f95c2fc6e55093b43408d266eb17647dc84a3e0e7b2142a7342096
    commit: d39abc470d5f181f4ca7cb88193d51b7587f42c1
  original:
    subdir: tasty-vcr
    git: https://github.com/KSF-Media/haskell-vcr
    commit: d39abc470d5f181f4ca7cb88193d51b7587f42c1
- completed:
    subdir: http-client-vcr
    name: http-client-vcr
    version: 0.1.0.0
    git: https://github.com/KSF-Media/haskell-vcr
    pantry-tree:
      size: 277
      sha256: 2797f65a3d6caa9e58fc9ba182ca91712e2a3db298bebbed70b6bce0315d40d6
    commit: d39abc470d5f181f4ca7cb88193d51b7587f42c1
  original:
    subdir: http-client-vcr
    git: https://github.com/KSF-Media/haskell-vcr
    commit: d39abc470d5f181f4ca7cb88193d51b7587f42c1
- completed:
    name: rapid
    version: 0.1.4
    git: https://github.com/KSF-Media/rapid
    pantry-tree:
      size: 451
      sha256: 66814237789c92b57fcf719b2a663965e359650d3bec1ed08d8b024998af4508
    commit: 5186d5ced42f4bbb4647bf8ef645c8a7d8e4f026
  original:
    git: https://github.com/KSF-Media/rapid
    commit: 5186d5ced42f4bbb4647bf8ef645c8a7d8e4f026
- completed:
    subdir: raven-haskell
    name: raven-haskell
    version: 0.1.4.1
    git: https://gitlab.com/vapaj/raven-haskell.git
    pantry-tree:
      size: 680
      sha256: c75c711063b0e9d1e1c306de98b617fefecaa209941cbfd86ef36ef33b01ba81
    commit: 7531ee83759362af7a74aa2877f02478976c4748
  original:
    subdir: raven-haskell
    git: https://gitlab.com/vapaj/raven-haskell.git
    commit: 7531ee83759362af7a74aa2877f02478976c4748
- completed:
    hackage: aeson-diff-1.1.0.12@sha256:3a952f40c02afba1483b55b4e20101f52eca01f33857cbb363d0737b7d30fc31,3356
    pantry-tree:
      size: 5086
      sha256: d44f3590e5e378a9ee34170028778150c561ce7c60a79155d90ec1a39cf88aac
  original:
    hackage: aeson-diff-1.1.0.12
- completed:
    hackage: extensible-0.8.3@sha256:2886978a81e9c2ff29a93caf7ae847a8b7724dc4ee22381c5d29ca8318c686c4,2955
    pantry-tree:
      size: 2041
      sha256: 670fd3807d351e2668eb7c10d926c24501ef190e49e4a4624acc822b09b257b4
  original:
    hackage: extensible-0.8.3@sha256:2886978a81e9c2ff29a93caf7ae847a8b7724dc4ee22381c5d29ca8318c686c4,2955
- completed:
    hackage: template-0.2.0.10@sha256:f822de4d34c45bc84b33a61bc112c15fedee6fa6dc414c62b10456395a868f85,987
    pantry-tree:
      size: 339
      sha256: e9829c39501915bc47fda35069207b7a839f9fb929b81946e151e0dda8a7fda1
  original:
    hackage: template-0.2.0.10@sha256:f822de4d34c45bc84b33a61bc112c15fedee6fa6dc414c62b10456395a868f85,987
- completed:
    hackage: unjson-0.15.4@sha256:88efba019e9ebee2ed454ed92976e0906731c1d3932ed5b372db11dfe3ba5d74,3292
    pantry-tree:
      size: 446
      sha256: 0cc32476d929f557483a785aecef5af112915f93be5fc290c484480ea521551c
  original:
    hackage: unjson-0.15.4
- completed:
    hackage: incremental-0.3.1@sha256:9c697bae4f7e5ceb144bde13e03ca2f36b4bc2d0c92bbc02e0a604231ee279c2,1153
    pantry-tree:
      size: 370
      sha256: fd5f40352dbf1602babd2c5db2a120c26e57bbd5ad30b19ce24d04189f6a18d1
  original:
    hackage: incremental-0.3.1@sha256:9c697bae4f7e5ceb144bde13e03ca2f36b4bc2d0c92bbc02e0a604231ee279c2,1153
- completed:
    hackage: membership-0.0.1@sha256:6c4d4ab6e3fb3253c6c670e8a63f74454dc91be50b9f292d0b1355792190aee5,999
    pantry-tree:
      size: 408
      sha256: b918a1a207108313b2bf453b0d9aa65122d9845c4b360c8ade46d3429ff1107a
  original:
    hackage: membership-0.0.1@sha256:6c4d4ab6e3fb3253c6c670e8a63f74454dc91be50b9f292d0b1355792190aee5,999
snapshots:
- completed:
    size: 617368
    url: https://raw.githubusercontent.com/commercialhaskell/stackage-snapshots/master/lts/19/3.yaml
    sha256: a209d3455279ee76eb45f01f73bbb960ceaaa8dfad8891435384689df4dcb653
  original: lts-19.3
