# This file was autogenerated by Stack.
# You should not edit this file by hand.
# For more information, please see the documentation at:
#   https://docs.haskellstack.org/en/stable/lock_files

packages:
- completed:
    commit: 827cc172da3910b19676dfb5263a1d43fd38edf4
    git: https://github.com/KSF-Media/haskell-vcr
    name: data-vcr
    pantry-tree:
      sha256: 5cff90061e6efff660b3a9732573f52d1f06945c6cefd65ae1acdd6b168a6e41
      size: 257
    subdir: data-vcr
    version: 0.1.0.0
  original:
    commit: 827cc172da3910b19676dfb5263a1d43fd38edf4
    git: https://github.com/KSF-Media/haskell-vcr
    subdir: data-vcr
- completed:
    commit: 827cc172da3910b19676dfb5263a1d43fd38edf4
    git: https://github.com/KSF-Media/haskell-vcr
    name: tasty-vcr
    pantry-tree:
      sha256: 1f0bbb6763f95c2fc6e55093b43408d266eb17647dc84a3e0e7b2142a7342096
      size: 331
    subdir: tasty-vcr
    version: 0.1.0.0
  original:
    commit: 827cc172da3910b19676dfb5263a1d43fd38edf4
    git: https://github.com/KSF-Media/haskell-vcr
    subdir: tasty-vcr
- completed:
    commit: 827cc172da3910b19676dfb5263a1d43fd38edf4
    git: https://github.com/KSF-Media/haskell-vcr
    name: http-client-vcr
    pantry-tree:
      sha256: 2797f65a3d6caa9e58fc9ba182ca91712e2a3db298bebbed70b6bce0315d40d6
      size: 277
    subdir: http-client-vcr
    version: 0.1.0.0
  original:
    commit: 827cc172da3910b19676dfb5263a1d43fd38edf4
    git: https://github.com/KSF-Media/haskell-vcr
    subdir: http-client-vcr
- completed:
    commit: 5186d5ced42f4bbb4647bf8ef645c8a7d8e4f026
    git: https://github.com/KSF-Media/rapid
    name: rapid
    pantry-tree:
      sha256: 66814237789c92b57fcf719b2a663965e359650d3bec1ed08d8b024998af4508
      size: 451
    version: 0.1.4
  original:
    commit: 5186d5ced42f4bbb4647bf8ef645c8a7d8e4f026
    git: https://github.com/KSF-Media/rapid
- completed:
    commit: 180088b26fb79515627644545955aed5c50d804a
    git: https://gitlab.com/dpwiz/raven-haskell.git
    name: raven-haskell
    pantry-tree:
      sha256: db502c43aeb7e8ba4a2eb0e180eff0c2a8e0e787d739449997d546cba3270b5b
      size: 680
    subdir: raven-haskell
    version: 0.1.4.1
  original:
    commit: 180088b26fb79515627644545955aed5c50d804a
    git: https://gitlab.com/dpwiz/raven-haskell.git
    subdir: raven-haskell
- completed:
    hackage: template-0.2.0.10@sha256:f822de4d34c45bc84b33a61bc112c15fedee6fa6dc414c62b10456395a868f85,987
    pantry-tree:
      sha256: e9829c39501915bc47fda35069207b7a839f9fb929b81946e151e0dda8a7fda1
      size: 339
  original:
    hackage: template-0.2.0.10@sha256:f822de4d34c45bc84b33a61bc112c15fedee6fa6dc414c62b10456395a868f85,987
snapshots:
- completed:
    sha256: 0be74c2dd964ab0e8887c1ece93b7c02e1cc2af11f5e3cc334300a5871e73917
    size: 640028
    url: https://raw.githubusercontent.com/commercialhaskell/stackage-snapshots/master/lts/21/8.yaml
  original: lts-21.8
